
Microsoft Visual Studio Solution File, Format Version 12.00
# Visual Studio Version 17
VisualStudioVersion = 17.4.33110.190
MinimumVisualStudioVersion = 10.0.40219.1
Project("{FAE04EC0-301F-11D3-BF4B-00C04F79EFBC}") = "task3 2-2-2023", "task3 2-2-2023\task3 2-2-2023.csproj", "{C445A428-F5B9-4702-89E0-0FC01521933F}"
EndProject
Global
	GlobalSection(SolutionConfigurationPlatforms) = preSolution
		Debug|Any CPU = Debug|Any CPU
		Release|Any CPU = Release|Any CPU
	EndGlobalSection
	GlobalSection(ProjectConfigurationPlatforms) = postSolution
		{C445A428-F5B9-4702-89E0-0FC01521933F}.Debug|Any CPU.ActiveCfg = Debug|Any CPU
		{C445A428-F5B9-4702-89E0-0FC01521933F}.Debug|Any CPU.Build.0 = Debug|Any CPU
		{C445A428-F5B9-4702-89E0-0FC01521933F}.Release|Any CPU.ActiveCfg = Release|Any CPU
		{C445A428-F5B9-4702-89E0-0FC01521933F}.Release|Any CPU.Build.0 = Release|Any CPU
	EndGlobalSection
	GlobalSection(SolutionProperties) = preSolution
		HideSolutionNode = FALSE
	EndGlobalSection
	GlobalSection(ExtensibilityGlobals) = postSolution
		SolutionGuid = {3C02BE66-882B-4628-B63C-F86083981836}
	EndGlobalSection
EndGlobal
