
Microsoft Visual Studio Solution File, Format Version 12.00
# Visual Studio Version 17
VisualStudioVersion = 17.4.33110.190
MinimumVisualStudioVersion = 10.0.40219.1
Project("{FAE04EC0-301F-11D3-BF4B-00C04F79EFBC}") = "taskhaithem", "taskhaithem\taskhaithem.csproj", "{B1A0F304-3B2B-4140-8038-0207546F8B71}"
EndProject
Global
	GlobalSection(SolutionConfigurationPlatforms) = preSolution
		Debug|Any CPU = Debug|Any CPU
		Release|Any CPU = Release|Any CPU
	EndGlobalSection
	GlobalSection(ProjectConfigurationPlatforms) = postSolution
		{B1A0F304-3B2B-4140-8038-0207546F8B71}.Debug|Any CPU.ActiveCfg = Debug|Any CPU
		{B1A0F304-3B2B-4140-8038-0207546F8B71}.Debug|Any CPU.Build.0 = Debug|Any CPU
		{B1A0F304-3B2B-4140-8038-0207546F8B71}.Release|Any CPU.ActiveCfg = Release|Any CPU
		{B1A0F304-3B2B-4140-8038-0207546F8B71}.Release|Any CPU.Build.0 = Release|Any CPU
	EndGlobalSection
	GlobalSection(SolutionProperties) = preSolution
		HideSolutionNode = FALSE
	EndGlobalSection
	GlobalSection(ExtensibilityGlobals) = postSolution
		SolutionGuid = {3B9CB244-5E6B-42B2-9FB7-1E1DA52A598E}
	EndGlobalSection
EndGlobal
